
Microsoft Visual Studio Solution File, Format Version 12.00
# Visual Studio Version 16
VisualStudioVersion = 16.0.29123.88
MinimumVisualStudioVersion = 10.0.40219.1
Project("{FAE04EC0-301F-11D3-BF4B-00C04F79EFBC}") = "SQLConnection", "SQLConnection.csproj", "{0DA1FA4D-2EC6-4D21-81BC-9D235C4B5B38}"
EndProject
Global
	GlobalSection(SolutionConfigurationPlatforms) = preSolution
		Debug|Any CPU = Debug|Any CPU
		Release|Any CPU = Release|Any CPU
	EndGlobalSection
	GlobalSection(ProjectConfigurationPlatforms) = postSolution
		{0DA1FA4D-2EC6-4D21-81BC-9D235C4B5B38}.Debug|Any CPU.ActiveCfg = Debug|Any CPU
		{0DA1FA4D-2EC6-4D21-81BC-9D235C4B5B38}.Debug|Any CPU.Build.0 = Debug|Any CPU
		{0DA1FA4D-2EC6-4D21-81BC-9D235C4B5B38}.Release|Any CPU.ActiveCfg = Release|Any CPU
		{0DA1FA4D-2EC6-4D21-81BC-9D235C4B5B38}.Release|Any CPU.Build.0 = Release|Any CPU
	EndGlobalSection
	GlobalSection(SolutionProperties) = preSolution
		HideSolutionNode = FALSE
	EndGlobalSection
	GlobalSection(ExtensibilityGlobals) = postSolution
		SolutionGuid = {7E4E601C-CD99-42BB-9CC7-D1FC1BD31247}
	EndGlobalSection
EndGlobal
